// !$*UTF8*$!
{
	archiveVersion = 1;
	classes = {
	};
	objectVersion = 46;
	objects = {

/* Begin PBXBuildFile section */
		4FBF008C1AAA66A900D4BE64 /* main.m in Sources */ = {isa = PBXBuildFile; fileRef = 4FBF008B1AAA66A900D4BE64 /* main.m */; };
		4FBF008F1AAA66A900D4BE64 /* AppDelegate.m in Sources */ = {isa = PBXBuildFile; fileRef = 4FBF008E1AAA66A900D4BE64 /* AppDelegate.m */; };
		4FBF00921AAA66A900D4BE64 /* ViewController.m in Sources */ = {isa = PBXBuildFile; fileRef = 4FBF00911AAA66A900D4BE64 /* ViewController.m */; };
		4FBF00951AAA66A900D4BE64 /* Main.storyboard in Resources */ = {isa = PBXBuildFile; fileRef = 4FBF00931AAA66A900D4BE64 /* Main.storyboard */; };
		4FBF00971AAA66A900D4BE64 /* Images.xcassets in Resources */ = {isa = PBXBuildFile; fileRef = 4FBF00961AAA66A900D4BE64 /* Images.xcassets */; };
		4FBF009A1AAA66A900D4BE64 /* LaunchScreen.xib in Resources */ = {isa = PBXBuildFile; fileRef = 4FBF00981AAA66A900D4BE64 /* LaunchScreen.xib */; };
		4FBF00A61AAA66AA00D4BE64 /* TestTests.m in Sources */ = {isa = PBXBuildFile; fileRef = 4FBF00A51AAA66AA00D4BE64 /* TestTests.m */; };
/* End PBXBuildFile section */

/* Begin PBXContainerItemProxy section */
		4FBF00A01AAA66A900D4BE64 /* PBXContainerItemProxy */ = {
			isa = PBXContainerItemProxy;
			containerPortal = 4FBF007E1AAA66A900D4BE64 /* Project object */;
			proxyType = 1;
			remoteGlobalIDString = 4FBF00851AAA66A900D4BE64;
			remoteInfo = Test;
		};
/* End PBXContainerItemProxy section */

/* Begin PBXFileReference section */
		4FBF00861AAA66A900D4BE64 /* Test.app */ = {isa = PBXFileReference; explicitFileType = wrapper.application; includeInIndex = 0; path = Test.app; sourceTree = BUILT_PRODUCTS_DIR; };
		4FBF008A1AAA66A900D4BE64 /* Info.plist */ = {isa = PBXFileReference; lastKnownFileType = text.plist.xml; path = Info.plist; sourceTree = "<group>"; };
		4FBF008B1AAA66A900D4BE64 /* main.m */ = {isa = PBXFileReference; lastKnownFileType = sourcecode.c.objc; path = main.m; sourceTree = "<group>"; };
		4FBF008D1AAA66A900D4BE64 /* AppDelegate.h */ = {isa = PBXFileReference; lastKnownFileType = sourcecode.c.h; path = AppDelegate.h; sourceTree = "<group>"; };
		4FBF008E1AAA66A900D4BE64 /* AppDelegate.m */ = {isa = PBXFileReference; lastKnownFileType = sourcecode.c.objc; path = AppDelegate.m; sourceTree = "<group>"; };
		4FBF00901AAA66A900D4BE64 /* ViewController.h */ = {isa = PBXFileReference; lastKnownFileType = sourcecode.c.h; path = ViewController.h; sourceTree = "<group>"; };
		4FBF00911AAA66A900D4BE64 /* ViewController.m */ = {isa = PBXFileReference; lastKnownFileType = sourcecode.c.objc; path = ViewController.m; sourceTree = "<group>"; };
		4FBF00941AAA66A900D4BE64 /* Base */ = {isa = PBXFileReference; lastKnownFileType = file.storyboard; name = Base; path = Base.lproj/Main.storyboard; sourceTree = "<group>"; };
		4FBF00961AAA66A900D4BE64 /* Images.xcassets */ = {isa = PBXFileReference; lastKnownFileType = folder.assetcatalog; path = Images.xcassets; sourceTree = "<group>"; };
		4FBF00991AAA66A900D4BE64 /* Base */ = {isa = PBXFileReference; lastKnownFileType = file.xib; name = Base; path = Base.lproj/LaunchScreen.xib; sourceTree = "<group>"; };
		4FBF009F1AAA66A900D4BE64 /* TestTests.xctest */ = {isa = PBXFileReference; explicitFileType = wrapper.cfbundle; includeInIndex = 0; path = TestTests.xctest; sourceTree = BUILT_PRODUCTS_DIR; };
		4FBF00A41AAA66A900D4BE64 /* Info.plist */ = {isa = PBXFileReference; lastKnownFileType = text.plist.xml; path = Info.plist; sourceTree = "<group>"; };
		4FBF00A51AAA66AA00D4BE64 /* TestTests.m */ = {isa = PBXFileReference; lastKnownFileType = sourcecode.c.objc; path = TestTests.m; sourceTree = "<group>"; };
/* End PBXFileReference section */

/* Begin PBXFrameworksBuildPhase section */
		4FBF00831AAA66A900D4BE64 /* Frameworks */ = {
			isa = PBXFrameworksBuildPhase;
			buildActionMask = 2147483647;
			files = (
			);
			runOnlyForDeploymentPostprocessing = 0;
		};
		4FBF009C1AAA66A900D4BE64 /* Frameworks */ = {
			isa = PBXFrameworksBuildPhase;
			buildActionMask = 2147483647;
			files = (
			);
			runOnlyForDeploymentPostprocessing = 0;
		};
/* End PBXFrameworksBuildPhase section */

/* Begin PBXGroup section */
		4FBF007D1AAA66A900D4BE64 = {
			isa = PBXGroup;
			children = (
				4FBF00881AAA66A900D4BE64 /* Test */,
				4FBF00A21AAA66A900D4BE64 /* TestTests */,
				4FBF00871AAA66A900D4BE64 /* Products */,
			);
			sourceTree = "<group>";
		};
		4FBF00871AAA66A900D4BE64 /* Products */ = {
			isa = PBXGroup;
			children = (
				4FBF00861AAA66A900D4BE64 /* Test.app */,
				4FBF009F1AAA66A900D4BE64 /* TestTests.xctest */,
			);
			name = Products;
			sourceTree = "<group>";
		};
		4FBF00881AAA66A900D4BE64 /* Test */ = {
			isa = PBXGroup;
			children = (
				4FBF008D1AAA66A900D4BE64 /* AppDelegate.h */,
				4FBF008E1AAA66A900D4BE64 /* AppDelegate.m */,
				4FBF00901AAA66A900D4BE64 /* ViewController.h */,
				4FBF00911AAA66A900D4BE64 /* ViewController.m */,
				4FBF00931AAA66A900D4BE64 /* Main.storyboard */,
				4FBF00961AAA66A900D4BE64 /* Images.xcassets */,
				4FBF00981AAA66A900D4BE64 /* LaunchScreen.xib */,
				4FBF00891AAA66A900D4BE64 /* Supporting Files */,
			);
			path = Test;
			sourceTree = "<group>";
		};
		4FBF00891AAA66A900D4BE64 /* Supporting Files */ = {
			isa = PBXGroup;
			children = (
				4FBF008A1AAA66A900D4BE64 /* Info.plist */,
				4FBF008B1AAA66A900D4BE64 /* main.m */,
			);
			name = "Supporting Files";
			sourceTree = "<group>";
		};
		4FBF00A21AAA66A900D4BE64 /* TestTests */ = {
			isa = PBXGroup;
			children = (
				4FBF00A51AAA66AA00D4BE64 /* TestTests.m */,
				4FBF00A31AAA66A900D4BE64 /* Supporting Files */,
			);
			path = TestTests;
			sourceTree = "<group>";
		};
		4FBF00A31AAA66A900D4BE64 /* Supporting Files */ = {
			isa = PBXGroup;
			children = (
				4FBF00A41AAA66A900D4BE64 /* Info.plist */,
			);
			name = "Supporting Files";
			sourceTree = "<group>";
		};
/* End PBXGroup section */

/* Begin PBXNativeTarget section */
		4FBF00851AAA66A900D4BE64 /* Test */ = {
			isa = PBXNativeTarget;
			buildConfigurationList = 4FBF00A91AAA66AA00D4BE64 /* Build configuration list for PBXNativeTarget "Test" */;
			buildPhases = (
				4FBF00821AAA66A900D4BE64 /* Sources */,
				4FBF00831AAA66A900D4BE64 /* Frameworks */,
				4FBF00841AAA66A900D4BE64 /* Resources */,
			);
			buildRules = (
			);
			dependencies = (
			);
			name = Test;
			productName = Test;
			productReference = 4FBF00861AAA66A900D4BE64 /* Test.app */;
			productType = "com.apple.product-type.application";
		};
		4FBF009E1AAA66A900D4BE64 /* TestTests */ = {
			isa = PBXNativeTarget;
			buildConfigurationList = 4FBF00AC1AAA66AA00D4BE64 /* Build configuration list for PBXNativeTarget "TestTests" */;
			buildPhases = (
				4FBF009B1AAA66A900D4BE64 /* Sources */,
				4FBF009C1AAA66A900D4BE64 /* Frameworks */,
				4FBF009D1AAA66A900D4BE64 /* Resources */,
			);
			buildRules = (
			);
			dependencies = (
				4FBF00A11AAA66A900D4BE64 /* PBXTargetDependency */,
			);
			name = TestTests;
			productName = TestTests;
			productReference = 4FBF009F1AAA66A900D4BE64 /* TestTests.xctest */;
			productType = "com.apple.product-type.bundle.unit-test";
		};
/* End PBXNativeTarget section */

/* Begin PBXProject section */
		4FBF007E1AAA66A900D4BE64 /* Project object */ = {
			isa = PBXProject;
			attributes = {
				LastUpgradeCheck = 0610;
				ORGANIZATIONNAME = "Neha Mittal";
				TargetAttributes = {
					4FBF00851AAA66A900D4BE64 = {
						CreatedOnToolsVersion = 6.1.1;
					};
					4FBF009E1AAA66A900D4BE64 = {
						CreatedOnToolsVersion = 6.1.1;
						TestTargetID = 4FBF00851AAA66A900D4BE64;
					};
				};
			};
			buildConfigurationList = 4FBF00811AAA66A900D4BE64 /* Build configuration list for PBXProject "Test" */;
			compatibilityVersion = "Xcode 3.2";
			developmentRegion = English;
			hasScannedForEncodings = 0;
			knownRegions = (
				en,
				Base,
			);
			mainGroup = 4FBF007D1AAA66A900D4BE64;
			productRefGroup = 4FBF00871AAA66A900D4BE64 /* Products */;
			projectDirPath = "";
			projectRoot = "";
			targets = (
				4FBF00851AAA66A900D4BE64 /* Test */,
				4FBF009E1AAA66A900D4BE64 /* TestTests */,
			);
		};
/* End PBXProject section */

/* Begin PBXResourcesBuildPhase section */
		4FBF00841AAA66A900D4BE64 /* Resources */ = {
			isa = PBXResourcesBuildPhase;
			buildActionMask = 2147483647;
			files = (
				4FBF00951AAA66A900D4BE64 /* Main.storyboard in Resources */,
				4FBF009A1AAA66A900D4BE64 /* LaunchScreen.xib in Resources */,
				4FBF00971AAA66A900D4BE64 /* Images.xcassets in Resources */,
			);
			runOnlyForDeploymentPostprocessing = 0;
		};
		4FBF009D1AAA66A900D4BE64 /* Resources */ = {
			isa = PBXResourcesBuildPhase;
			buildActionMask = 2147483647;
			files = (
			);
			runOnlyForDeploymentPostprocessing = 0;
		};
/* End PBXResourcesBuildPhase section */

/* Begin PBXSourcesBuildPhase section */
		4FBF00821AAA66A900D4BE64 /* Sources */ = {
			isa = PBXSourcesBuildPhase;
			buildActionMask = 2147483647;
			files = (
				4FBF00921AAA66A900D4BE64 /* ViewController.m in Sources */,
				4FBF008F1AAA66A900D4BE64 /* AppDelegate.m in Sources */,
				4FBF008C1AAA66A900D4BE64 /* main.m in Sources */,
			);
			runOnlyForDeploymentPostprocessing = 0;
		};
		4FBF009B1AAA66A900D4BE64 /* Sources */ = {
			isa = PBXSourcesBuildPhase;
			buildActionMask = 2147483647;
			files = (
				4FBF00A61AAA66AA00D4BE64 /* TestTests.m in Sources */,
			);
			runOnlyForDeploymentPostprocessing = 0;
		};
/* End PBXSourcesBuildPhase section */

/* Begin PBXTargetDependency section */
		4FBF00A11AAA66A900D4BE64 /* PBXTargetDependency */ = {
			isa = PBXTargetDependency;
			target = 4FBF00851AAA66A900D4BE64 /* Test */;
			targetProxy = 4FBF00A01AAA66A900D4BE64 /* PBXContainerItemProxy */;
		};
/* End PBXTargetDependency section */

/* Begin PBXVariantGroup section */
		4FBF00931AAA66A900D4BE64 /* Main.storyboard */ = {
			isa = PBXVariantGroup;
			children = (
				4FBF00941AAA66A900D4BE64 /* Base */,
			);
			name = Main.storyboard;
			sourceTree = "<group>";
		};
		4FBF00981AAA66A900D4BE64 /* LaunchScreen.xib */ = {
			isa = PBXVariantGroup;
			children = (
				4FBF00991AAA66A900D4BE64 /* Base */,
			);
			name = LaunchScreen.xib;
			sourceTree = "<group>";
		};
/* End PBXVariantGroup section */

/* Begin XCBuildConfiguration section */
		4FBF00A71AAA66AA00D4BE64 /* Debug */ = {
			isa = XCBuildConfiguration;
			buildSettings = {
				ALWAYS_SEARCH_USER_PATHS = NO;
				CLANG_CXX_LANGUAGE_STANDARD = "gnu++0x";
				CLANG_CXX_LIBRARY = "libc++";
				CLANG_ENABLE_MODULES = YES;
				CLANG_ENABLE_OBJC_ARC = YES;
				CLANG_WARN_BOOL_CONVERSION = YES;
				CLANG_WARN_CONSTANT_CONVERSION = YES;
				CLANG_WARN_DIRECT_OBJC_ISA_USAGE = YES_ERROR;
				CLANG_WARN_EMPTY_BODY = YES;
				CLANG_WARN_ENUM_CONVERSION = YES;
				CLANG_WARN_INT_CONVERSION = YES;
				CLANG_WARN_OBJC_ROOT_CLASS = YES_ERROR;
				CLANG_WARN_UNREACHABLE_CODE = YES;
				CLANG_WARN__DUPLICATE_METHOD_MATCH = YES;
				"CODE_SIGN_IDENTITY[sdk=iphoneos*]" = "iPhone Developer";
				COPY_PHASE_STRIP = NO;
				ENABLE_STRICT_OBJC_MSGSEND = YES;
				GCC_C_LANGUAGE_STANDARD = gnu99;
				GCC_DYNAMIC_NO_PIC = NO;
				GCC_OPTIMIZATION_LEVEL = 0;
				GCC_PREPROCESSOR_DEFINITIONS = (
					"DEBUG=1",
					"$(inherited)",
				);
				GCC_SYMBOLS_PRIVATE_EXTERN = NO;
				GCC_WARN_64_TO_32_BIT_CONVERSION = YES;
				GCC_WARN_ABOUT_RETURN_TYPE = YES_ERROR;
				GCC_WARN_UNDECLARED_SELECTOR = YES;
				GCC_WARN_UNINITIALIZED_AUTOS = YES_AGGRESSIVE;
				GCC_WARN_UNUSED_FUNCTION = YES;
				GCC_WARN_UNUSED_VARIABLE = YES;
				IPHONEOS_DEPLOYMENT_TARGET = 8.1;
				MTL_ENABLE_DEBUG_INFO = YES;
				ONLY_ACTIVE_ARCH = YES;
				SDKROOT = iphoneos;
				TARGETED_DEVICE_FAMILY = "1,2";
			};
			name = Debug;
		};
		4FBF00A81AAA66AA00D4BE64 /* Release */ = {
			isa = XCBuildConfiguration;
			buildSettings = {
				ALWAYS_SEARCH_USER_PATHS = NO;
				CLANG_CXX_LANGUAGE_STANDARD = "gnu++0x";
				CLANG_CXX_LIBRARY = "libc++";
				CLANG_ENABLE_MODULES = YES;
				CLANG_ENABLE_OBJC_ARC = YES;
				CLANG_WARN_BOOL_CONVERSION = YES;
				CLANG_WARN_CONSTANT_CONVERSION = YES;
				CLANG_WARN_DIRECT_OBJC_ISA_USAGE = YES_ERROR;
				CLANG_WARN_EMPTY_BODY = YES;
				CLANG_WARN_ENUM_CONVERSION = YES;
				CLANG_WARN_INT_CONVERSION = YES;
				CLANG_WARN_OBJC_ROOT_CLASS = YES_ERROR;
				CLANG_WARN_UNREACHABLE_CODE = YES;
				CLANG_WARN__DUPLICATE_METHOD_MATCH = YES;
				"CODE_SIGN_IDENTITY[sdk=iphoneos*]" = "iPhone Developer";
				COPY_PHASE_STRIP = YES;
				ENABLE_NS_ASSERTIONS = NO;
				ENABLE_STRICT_OBJC_MSGSEND = YES;
				GCC_C_LANGUAGE_STANDARD = gnu99;
				GCC_WARN_64_TO_32_BIT_CONVERSION = YES;
				GCC_WARN_ABOUT_RETURN_TYPE = YES_ERROR;
				GCC_WARN_UNDECLARED_SELECTOR = YES;
				GCC_WARN_UNINITIALIZED_AUTOS = YES_AGGRESSIVE;
				GCC_WARN_UNUSED_FUNCTION = YES;
				GCC_WARN_UNUSED_VARIABLE = YES;
				IPHONEOS_DEPLOYMENT_TARGET = 8.1;
				MTL_ENABLE_DEBUG_INFO = NO;
				SDKROOT = iphoneos;
				TARGETED_DEVICE_FAMILY = "1,2";
				VALIDATE_PRODUCT = YES;
			};
			name = Release;
		};
		4FBF00AA1AAA66AA00D4BE64 /* Debug */ = {
			isa = XCBuildConfiguration;
			buildSettings = {
				ASSETCATALOG_COMPILER_APPICON_NAME = AppIcon;
				INFOPLIST_FILE = Test/Info.plist;
				LD_RUNPATH_SEARCH_PATHS = "$(inherited) @executable_path/Frameworks";
				PRODUCT_NAME = "$(TARGET_NAME)";
			};
			name = Debug;
		};
		4FBF00AB1AAA66AA00D4BE64 /* Release */ = {
			isa = XCBuildConfiguration;
			buildSettings = {
				ASSETCATALOG_COMPILER_APPICON_NAME = AppIcon;
				INFOPLIST_FILE = Test/Info.plist;
				LD_RUNPATH_SEARCH_PATHS = "$(inherited) @executable_path/Frameworks";
				PRODUCT_NAME = "$(TARGET_NAME)";
			};
			name = Release;
		};
		4FBF00AD1AAA66AA00D4BE64 /* Debug */ = {
			isa = XCBuildConfiguration;
			buildSettings = {
				BUNDLE_LOADER = "$(TEST_HOST)";
				FRAMEWORK_SEARCH_PATHS = (
					"$(SDKROOT)/Developer/Library/Frameworks",
					"$(inherited)",
				);
				GCC_PREPROCESSOR_DEFINITIONS = (
					"DEBUG=1",
					"$(inherited)",
				);
				INFOPLIST_FILE = TestTests/Info.plist;
				LD_RUNPATH_SEARCH_PATHS = "$(inherited) @executable_path/Frameworks @loader_path/Frameworks";
				PRODUCT_NAME = "$(TARGET_NAME)";
				TEST_HOST = "$(BUILT_PRODUCTS_DIR)/Test.app/Test";
			};
			name = Debug;
		};
		4FBF00AE1AAA66AA00D4BE64 /* Release */ = {
			isa = XCBuildConfiguration;
			buildSettings = {
				BUNDLE_LOADER = "$(TEST_HOST)";
				FRAMEWORK_SEARCH_PATHS = (
					"$(SDKROOT)/Developer/Library/Frameworks",
					"$(inherited)",
				);
				INFOPLIST_FILE = TestTests/Info.plist;
				LD_RUNPATH_SEARCH_PATHS = "$(inherited) @executable_path/Frameworks @loader_path/Frameworks";
				PRODUCT_NAME = "$(TARGET_NAME)";
				TEST_HOST = "$(BUILT_PRODUCTS_DIR)/Test.app/Test";
			};
			name = Release;
		};
/* End XCBuildConfiguration section */

/* Begin XCConfigurationList section */
		4FBF00811AAA66A900D4BE64 /* Build configuration list for PBXProject "Test" */ = {
			isa = XCConfigurationList;
			buildConfigurations = (
				4FBF00A71AAA66AA00D4BE64 /* Debug */,
				4FBF00A81AAA66AA00D4BE64 /* Release */,
			);
			defaultConfigurationIsVisible = 0;
			defaultConfigurationName = Release;
		};
		4FBF00A91AAA66AA00D4BE64 /* Build configuration list for PBXNativeTarget "Test" */ = {
			isa = XCConfigurationList;
			buildConfigurations = (
				4FBF00AA1AAA66AA00D4BE64 /* Debug */,
				4FBF00AB1AAA66AA00D4BE64 /* Release */,
			);
			defaultConfigurationIsVisible = 0;
		};
		4FBF00AC1AAA66AA00D4BE64 /* Build configuration list for PBXNativeTarget "TestTests" */ = {
			isa = XCConfigurationList;
			buildConfigurations = (
				4FBF00AD1AAA66AA00D4BE64 /* Debug */,
				4FBF00AE1AAA66AA00D4BE64 /* Release */,
			);
			defaultConfigurationIsVisible = 0;
		};
/* End XCConfigurationList section */
	};
	rootObject = 4FBF007E1AAA66A900D4BE64 /* Project object */;
}
